
Microsoft Visual Studio Solution File, Format Version 12.00
# Visual Studio 15
VisualStudioVersion = 15.0.26124.0
MinimumVisualStudioVersion = 15.0.26124.0
Project("{2150E333-8FDC-42A3-9474-1A3956D46DE8}") = "src", "src", "{04251BA9-0FA2-4DA5-ABB7-5CB34EF117CC}"
EndProject
Project("{FAE04EC0-301F-11D3-BF4B-00C04F79EFBC}") = "ServiceStack.Common", "src\ServiceStack.Common\ServiceStack.Common.csproj", "{0E218140-FD54-4C96-8719-84162C44684E}"
EndProject
Project("{FAE04EC0-301F-11D3-BF4B-00C04F79EFBC}") = "ServiceStack.Interfaces", "src\ServiceStack.Interfaces\ServiceStack.Interfaces.csproj", "{0A9F26ED-9D05-44F5-ABF1-64A82D51B572}"
EndProject
Project("{FAE04EC0-301F-11D3-BF4B-00C04F79EFBC}") = "ServiceStack.OrmLite", "src\ServiceStack.OrmLite\ServiceStack.OrmLite.csproj", "{9280452E-954E-42EC-930C-CAF0AB5C30A1}"
EndProject
Project("{FAE04EC0-301F-11D3-BF4B-00C04F79EFBC}") = "ServiceStack.OrmLite.MySql", "src\ServiceStack.OrmLite.MySql\ServiceStack.OrmLite.MySql.csproj", "{3BB6A9B2-EC62-4498-9E18-350CF36E225D}"
EndProject
Project("{FAE04EC0-301F-11D3-BF4B-00C04F79EFBC}") = "ServiceStack.OrmLite.Sqlite", "src\ServiceStack.OrmLite.Sqlite\ServiceStack.OrmLite.Sqlite.csproj", "{16B034F4-B663-4028-AD4C-B852E9628295}"
EndProject
Project("{FAE04EC0-301F-11D3-BF4B-00C04F79EFBC}") = "ServiceStack.OrmLite.SqlServer", "src\ServiceStack.OrmLite.SqlServer\ServiceStack.OrmLite.SqlServer.csproj", "{7C90E413-12EB-442C-98AB-880902B77E37}"
EndProject
Project("{FAE04EC0-301F-11D3-BF4B-00C04F79EFBC}") = "ServiceStack.Text", "src\ServiceStack.Text\ServiceStack.Text.csproj", "{740B7C65-C56F-4F7D-B3A6-1A396095D6F7}"
EndProject
Global
	GlobalSection(SolutionConfigurationPlatforms) = preSolution
		Debug|Any CPU = Debug|Any CPU
		Debug|x64 = Debug|x64
		Debug|x86 = Debug|x86
		Release|Any CPU = Release|Any CPU
		Release|x64 = Release|x64
		Release|x86 = Release|x86
	EndGlobalSection
	GlobalSection(SolutionProperties) = preSolution
		HideSolutionNode = FALSE
	EndGlobalSection
	GlobalSection(ProjectConfigurationPlatforms) = postSolution
		{0E218140-FD54-4C96-8719-84162C44684E}.Debug|Any CPU.ActiveCfg = Debug|Any CPU
		{0E218140-FD54-4C96-8719-84162C44684E}.Debug|Any CPU.Build.0 = Debug|Any CPU
		{0E218140-FD54-4C96-8719-84162C44684E}.Debug|x64.ActiveCfg = Debug|Any CPU
		{0E218140-FD54-4C96-8719-84162C44684E}.Debug|x64.Build.0 = Debug|Any CPU
		{0E218140-FD54-4C96-8719-84162C44684E}.Debug|x86.ActiveCfg = Debug|Any CPU
		{0E218140-FD54-4C96-8719-84162C44684E}.Debug|x86.Build.0 = Debug|Any CPU
		{0E218140-FD54-4C96-8719-84162C44684E}.Release|Any CPU.ActiveCfg = Release|Any CPU
		{0E218140-FD54-4C96-8719-84162C44684E}.Release|Any CPU.Build.0 = Release|Any CPU
		{0E218140-FD54-4C96-8719-84162C44684E}.Release|x64.ActiveCfg = Release|Any CPU
		{0E218140-FD54-4C96-8719-84162C44684E}.Release|x64.Build.0 = Release|Any CPU
		{0E218140-FD54-4C96-8719-84162C44684E}.Release|x86.ActiveCfg = Release|Any CPU
		{0E218140-FD54-4C96-8719-84162C44684E}.Release|x86.Build.0 = Release|Any CPU
		{0A9F26ED-9D05-44F5-ABF1-64A82D51B572}.Debug|Any CPU.ActiveCfg = Debug|Any CPU
		{0A9F26ED-9D05-44F5-ABF1-64A82D51B572}.Debug|Any CPU.Build.0 = Debug|Any CPU
		{0A9F26ED-9D05-44F5-ABF1-64A82D51B572}.Debug|x64.ActiveCfg = Debug|Any CPU
		{0A9F26ED-9D05-44F5-ABF1-64A82D51B572}.Debug|x64.Build.0 = Debug|Any CPU
		{0A9F26ED-9D05-44F5-ABF1-64A82D51B572}.Debug|x86.ActiveCfg = Debug|Any CPU
		{0A9F26ED-9D05-44F5-ABF1-64A82D51B572}.Debug|x86.Build.0 = Debug|Any CPU
		{0A9F26ED-9D05-44F5-ABF1-64A82D51B572}.Release|Any CPU.ActiveCfg = Release|Any CPU
		{0A9F26ED-9D05-44F5-ABF1-64A82D51B572}.Release|Any CPU.Build.0 = Release|Any CPU
		{0A9F26ED-9D05-44F5-ABF1-64A82D51B572}.Release|x64.ActiveCfg = Release|Any CPU
		{0A9F26ED-9D05-44F5-ABF1-64A82D51B572}.Release|x64.Build.0 = Release|Any CPU
		{0A9F26ED-9D05-44F5-ABF1-64A82D51B572}.Release|x86.ActiveCfg = Release|Any CPU
		{0A9F26ED-9D05-44F5-ABF1-64A82D51B572}.Release|x86.Build.0 = Release|Any CPU
		{9280452E-954E-42EC-930C-CAF0AB5C30A1}.Debug|Any CPU.ActiveCfg = Debug|Any CPU
		{9280452E-954E-42EC-930C-CAF0AB5C30A1}.Debug|Any CPU.Build.0 = Debug|Any CPU
		{9280452E-954E-42EC-930C-CAF0AB5C30A1}.Debug|x64.ActiveCfg = Debug|Any CPU
		{9280452E-954E-42EC-930C-CAF0AB5C30A1}.Debug|x64.Build.0 = Debug|Any CPU
		{9280452E-954E-42EC-930C-CAF0AB5C30A1}.Debug|x86.ActiveCfg = Debug|Any CPU
		{9280452E-954E-42EC-930C-CAF0AB5C30A1}.Debug|x86.Build.0 = Debug|Any CPU
		{9280452E-954E-42EC-930C-CAF0AB5C30A1}.Release|Any CPU.ActiveCfg = Release|Any CPU
		{9280452E-954E-42EC-930C-CAF0AB5C30A1}.Release|Any CPU.Build.0 = Release|Any CPU
		{9280452E-954E-42EC-930C-CAF0AB5C30A1}.Release|x64.ActiveCfg = Release|Any CPU
		{9280452E-954E-42EC-930C-CAF0AB5C30A1}.Release|x64.Build.0 = Release|Any CPU
		{9280452E-954E-42EC-930C-CAF0AB5C30A1}.Release|x86.ActiveCfg = Release|Any CPU
		{9280452E-954E-42EC-930C-CAF0AB5C30A1}.Release|x86.Build.0 = Release|Any CPU
		{3BB6A9B2-EC62-4498-9E18-350CF36E225D}.Debug|Any CPU.ActiveCfg = Debug|Any CPU
		{3BB6A9B2-EC62-4498-9E18-350CF36E225D}.Debug|Any CPU.Build.0 = Debug|Any CPU
		{3BB6A9B2-EC62-4498-9E18-350CF36E225D}.Debug|x64.ActiveCfg = Debug|Any CPU
		{3BB6A9B2-EC62-4498-9E18-350CF36E225D}.Debug|x64.Build.0 = Debug|Any CPU
		{3BB6A9B2-EC62-4498-9E18-350CF36E225D}.Debug|x86.ActiveCfg = Debug|Any CPU
		{3BB6A9B2-EC62-4498-9E18-350CF36E225D}.Debug|x86.Build.0 = Debug|Any CPU
		{3BB6A9B2-EC62-4498-9E18-350CF36E225D}.Release|Any CPU.ActiveCfg = Release|Any CPU
		{3BB6A9B2-EC62-4498-9E18-350CF36E225D}.Release|Any CPU.Build.0 = Release|Any CPU
		{3BB6A9B2-EC62-4498-9E18-350CF36E225D}.Release|x64.ActiveCfg = Release|Any CPU
		{3BB6A9B2-EC62-4498-9E18-350CF36E225D}.Release|x64.Build.0 = Release|Any CPU
		{3BB6A9B2-EC62-4498-9E18-350CF36E225D}.Release|x86.ActiveCfg = Release|Any CPU
		{3BB6A9B2-EC62-4498-9E18-350CF36E225D}.Release|x86.Build.0 = Release|Any CPU
		{16B034F4-B663-4028-AD4C-B852E9628295}.Debug|Any CPU.ActiveCfg = Debug|Any CPU
		{16B034F4-B663-4028-AD4C-B852E9628295}.Debug|Any CPU.Build.0 = Debug|Any CPU
		{16B034F4-B663-4028-AD4C-B852E9628295}.Debug|x64.ActiveCfg = Debug|Any CPU
		{16B034F4-B663-4028-AD4C-B852E9628295}.Debug|x64.Build.0 = Debug|Any CPU
		{16B034F4-B663-4028-AD4C-B852E9628295}.Debug|x86.ActiveCfg = Debug|Any CPU
		{16B034F4-B663-4028-AD4C-B852E9628295}.Debug|x86.Build.0 = Debug|Any CPU
		{16B034F4-B663-4028-AD4C-B852E9628295}.Release|Any CPU.ActiveCfg = Release|Any CPU
		{16B034F4-B663-4028-AD4C-B852E9628295}.Release|Any CPU.Build.0 = Release|Any CPU
		{16B034F4-B663-4028-AD4C-B852E9628295}.Release|x64.ActiveCfg = Release|Any CPU
		{16B034F4-B663-4028-AD4C-B852E9628295}.Release|x64.Build.0 = Release|Any CPU
		{16B034F4-B663-4028-AD4C-B852E9628295}.Release|x86.ActiveCfg = Release|Any CPU
		{16B034F4-B663-4028-AD4C-B852E9628295}.Release|x86.Build.0 = Release|Any CPU
		{7C90E413-12EB-442C-98AB-880902B77E37}.Debug|Any CPU.ActiveCfg = Debug|Any CPU
		{7C90E413-12EB-442C-98AB-880902B77E37}.Debug|Any CPU.Build.0 = Debug|Any CPU
		{7C90E413-12EB-442C-98AB-880902B77E37}.Debug|x64.ActiveCfg = Debug|Any CPU
		{7C90E413-12EB-442C-98AB-880902B77E37}.Debug|x64.Build.0 = Debug|Any CPU
		{7C90E413-12EB-442C-98AB-880902B77E37}.Debug|x86.ActiveCfg = Debug|Any CPU
		{7C90E413-12EB-442C-98AB-880902B77E37}.Debug|x86.Build.0 = Debug|Any CPU
		{7C90E413-12EB-442C-98AB-880902B77E37}.Release|Any CPU.ActiveCfg = Release|Any CPU
		{7C90E413-12EB-442C-98AB-880902B77E37}.Release|Any CPU.Build.0 = Release|Any CPU
		{7C90E413-12EB-442C-98AB-880902B77E37}.Release|x64.ActiveCfg = Release|Any CPU
		{7C90E413-12EB-442C-98AB-880902B77E37}.Release|x64.Build.0 = Release|Any CPU
		{7C90E413-12EB-442C-98AB-880902B77E37}.Release|x86.ActiveCfg = Release|Any CPU
		{7C90E413-12EB-442C-98AB-880902B77E37}.Release|x86.Build.0 = Release|Any CPU
		{740B7C65-C56F-4F7D-B3A6-1A396095D6F7}.Debug|Any CPU.ActiveCfg = Debug|Any CPU
		{740B7C65-C56F-4F7D-B3A6-1A396095D6F7}.Debug|Any CPU.Build.0 = Debug|Any CPU
		{740B7C65-C56F-4F7D-B3A6-1A396095D6F7}.Debug|x64.ActiveCfg = Debug|Any CPU
		{740B7C65-C56F-4F7D-B3A6-1A396095D6F7}.Debug|x64.Build.0 = Debug|Any CPU
		{740B7C65-C56F-4F7D-B3A6-1A396095D6F7}.Debug|x86.ActiveCfg = Debug|Any CPU
		{740B7C65-C56F-4F7D-B3A6-1A396095D6F7}.Debug|x86.Build.0 = Debug|Any CPU
		{740B7C65-C56F-4F7D-B3A6-1A396095D6F7}.Release|Any CPU.ActiveCfg = Release|Any CPU
		{740B7C65-C56F-4F7D-B3A6-1A396095D6F7}.Release|Any CPU.Build.0 = Release|Any CPU
		{740B7C65-C56F-4F7D-B3A6-1A396095D6F7}.Release|x64.ActiveCfg = Release|Any CPU
		{740B7C65-C56F-4F7D-B3A6-1A396095D6F7}.Release|x64.Build.0 = Release|Any CPU
		{740B7C65-C56F-4F7D-B3A6-1A396095D6F7}.Release|x86.ActiveCfg = Release|Any CPU
		{740B7C65-C56F-4F7D-B3A6-1A396095D6F7}.Release|x86.Build.0 = Release|Any CPU
	EndGlobalSection
	GlobalSection(NestedProjects) = preSolution
		{0E218140-FD54-4C96-8719-84162C44684E} = {04251BA9-0FA2-4DA5-ABB7-5CB34EF117CC}
		{0A9F26ED-9D05-44F5-ABF1-64A82D51B572} = {04251BA9-0FA2-4DA5-ABB7-5CB34EF117CC}
		{9280452E-954E-42EC-930C-CAF0AB5C30A1} = {04251BA9-0FA2-4DA5-ABB7-5CB34EF117CC}
		{3BB6A9B2-EC62-4498-9E18-350CF36E225D} = {04251BA9-0FA2-4DA5-ABB7-5CB34EF117CC}
		{16B034F4-B663-4028-AD4C-B852E9628295} = {04251BA9-0FA2-4DA5-ABB7-5CB34EF117CC}
		{7C90E413-12EB-442C-98AB-880902B77E37} = {04251BA9-0FA2-4DA5-ABB7-5CB34EF117CC}
		{740B7C65-C56F-4F7D-B3A6-1A396095D6F7} = {04251BA9-0FA2-4DA5-ABB7-5CB34EF117CC}
	EndGlobalSection
EndGlobal
